
Microsoft Visual Studio Solution File, Format Version 12.00
# Visual Studio Version 16
VisualStudioVersion = 16.0.30621.155
MinimumVisualStudioVersion = 10.0.40219.1
Project("{FAE04EC0-301F-11D3-BF4B-00C04F79EFBC}") = "Applicatiobn", "Applicatiobn\Applicatiobn.csproj", "{0E8E4BFA-0C22-4108-AECF-61D28FF4F26A}"
EndProject
Global
	GlobalSection(SolutionConfigurationPlatforms) = preSolution
		Debug|Any CPU = Debug|Any CPU
		Release|Any CPU = Release|Any CPU
	EndGlobalSection
	GlobalSection(ProjectConfigurationPlatforms) = postSolution
		{0E8E4BFA-0C22-4108-AECF-61D28FF4F26A}.Debug|Any CPU.ActiveCfg = Debug|Any CPU
		{0E8E4BFA-0C22-4108-AECF-61D28FF4F26A}.Debug|Any CPU.Build.0 = Debug|Any CPU
		{0E8E4BFA-0C22-4108-AECF-61D28FF4F26A}.Release|Any CPU.ActiveCfg = Release|Any CPU
		{0E8E4BFA-0C22-4108-AECF-61D28FF4F26A}.Release|Any CPU.Build.0 = Release|Any CPU
	EndGlobalSection
	GlobalSection(SolutionProperties) = preSolution
		HideSolutionNode = FALSE
	EndGlobalSection
	GlobalSection(ExtensibilityGlobals) = postSolution
		SolutionGuid = {7EF37F0C-26CB-413B-87E0-64E5DE7F0973}
	EndGlobalSection
EndGlobal
